// !$*UTF8*$!
{
	archiveVersion = 1;
	classes = {
	};
	objectVersion = 56;
	objects = {

/* Begin PBXBuildFile section */
		E20D4FB228FC2ABE0037414F /* AerostatPlayerApp.swift in Sources */ = {isa = PBXBuildFile; fileRef = E20D4FB128FC2ABE0037414F /* AerostatPlayerApp.swift */; };
		E20D4FB428FC2ABE0037414F /* ContentView.swift in Sources */ = {isa = PBXBuildFile; fileRef = E20D4FB328FC2ABE0037414F /* ContentView.swift */; };
		E20D4FB628FC2AC00037414F /* Assets.xcassets in Resources */ = {isa = PBXBuildFile; fileRef = E20D4FB528FC2AC00037414F /* Assets.xcassets */; };
		E20D4FB928FC2AC00037414F /* Preview Assets.xcassets in Resources */ = {isa = PBXBuildFile; fileRef = E20D4FB828FC2AC00037414F /* Preview Assets.xcassets */; };
		E20D4FC528FC2C4B0037414F /* Modern Talking - You're my heart you're my soul.mp3 in Resources */ = {isa = PBXBuildFile; fileRef = E20D4FBF28FC2C490037414F /* Modern Talking - You're my heart you're my soul.mp3 */; };
		E20D4FC628FC2C4B0037414F /* СЛОТ - Москва.mp3 in Resources */ = {isa = PBXBuildFile; fileRef = E20D4FC028FC2C490037414F /* СЛОТ - Москва.mp3 */; };
		E20D4FC728FC2C4B0037414F /* MC Hammer - U can't touch this.mp3 in Resources */ = {isa = PBXBuildFile; fileRef = E20D4FC128FC2C4A0037414F /* MC Hammer - U can't touch this.mp3 */; };
		E20D4FC828FC2C4B0037414F /* Adriano Celentano - I love you baby.mp3 in Resources */ = {isa = PBXBuildFile; fileRef = E20D4FC228FC2C4B0037414F /* Adriano Celentano - I love you baby.mp3 */; };
		E20D4FC928FC2C4B0037414F /* DMX - Party up.mp3 in Resources */ = {isa = PBXBuildFile; fileRef = E20D4FC328FC2C4B0037414F /* DMX - Party up.mp3 */; };
		E20D4FCA28FC2C4B0037414F /* Enya - Only time.mp3 in Resources */ = {isa = PBXBuildFile; fileRef = E20D4FC428FC2C4B0037414F /* Enya - Only time.mp3 */; };
		E20D4FCC28FC2E020037414F /* PlayerView.swift in Sources */ = {isa = PBXBuildFile; fileRef = E20D4FCB28FC2E010037414F /* PlayerView.swift */; };
		E20D4FCE28FC2E950037414F /* Player.swift in Sources */ = {isa = PBXBuildFile; fileRef = E20D4FCD28FC2E950037414F /* Player.swift */; };
		E20D4FD028FC35DA0037414F /* TappableSlider.swift in Sources */ = {isa = PBXBuildFile; fileRef = E20D4FCF28FC35DA0037414F /* TappableSlider.swift */; };
		E25E482728FDA6DA001D9CF3 /* ViewModel.swift in Sources */ = {isa = PBXBuildFile; fileRef = E25E482628FDA6DA001D9CF3 /* ViewModel.swift */; };
		E25E482928FDA702001D9CF3 /* Track.swift in Sources */ = {isa = PBXBuildFile; fileRef = E25E482828FDA702001D9CF3 /* Track.swift */; };
/* End PBXBuildFile section */

/* Begin PBXFileReference section */
		E20D4FAE28FC2ABE0037414F /* AerostatPlayer.app */ = {isa = PBXFileReference; explicitFileType = wrapper.application; includeInIndex = 0; path = AerostatPlayer.app; sourceTree = BUILT_PRODUCTS_DIR; };
		E20D4FB128FC2ABE0037414F /* AerostatPlayerApp.swift */ = {isa = PBXFileReference; lastKnownFileType = sourcecode.swift; path = AerostatPlayerApp.swift; sourceTree = "<group>"; };
		E20D4FB328FC2ABE0037414F /* ContentView.swift */ = {isa = PBXFileReference; lastKnownFileType = sourcecode.swift; path = ContentView.swift; sourceTree = "<group>"; };
		E20D4FB528FC2AC00037414F /* Assets.xcassets */ = {isa = PBXFileReference; lastKnownFileType = folder.assetcatalog; path = Assets.xcassets; sourceTree = "<group>"; };
		E20D4FB828FC2AC00037414F /* Preview Assets.xcassets */ = {isa = PBXFileReference; lastKnownFileType = folder.assetcatalog; path = "Preview Assets.xcassets"; sourceTree = "<group>"; };
		E20D4FBF28FC2C490037414F /* Modern Talking - You're my heart you're my soul.mp3 */ = {isa = PBXFileReference; lastKnownFileType = audio.mp3; path = "Modern Talking - You're my heart you're my soul.mp3"; sourceTree = "<group>"; };
		E20D4FC028FC2C490037414F /* СЛОТ - Москва.mp3 */ = {isa = PBXFileReference; lastKnownFileType = audio.mp3; path = "СЛОТ - Москва.mp3"; sourceTree = "<group>"; };
		E20D4FC128FC2C4A0037414F /* MC Hammer - U can't touch this.mp3 */ = {isa = PBXFileReference; lastKnownFileType = audio.mp3; path = "MC Hammer - U can't touch this.mp3"; sourceTree = "<group>"; };
		E20D4FC228FC2C4B0037414F /* Adriano Celentano - I love you baby.mp3 */ = {isa = PBXFileReference; lastKnownFileType = audio.mp3; path = "Adriano Celentano - I love you baby.mp3"; sourceTree = "<group>"; };
		E20D4FC328FC2C4B0037414F /* DMX - Party up.mp3 */ = {isa = PBXFileReference; lastKnownFileType = audio.mp3; path = "DMX - Party up.mp3"; sourceTree = "<group>"; };
		E20D4FC428FC2C4B0037414F /* Enya - Only time.mp3 */ = {isa = PBXFileReference; lastKnownFileType = audio.mp3; path = "Enya - Only time.mp3"; sourceTree = "<group>"; };
		E20D4FCB28FC2E010037414F /* PlayerView.swift */ = {isa = PBXFileReference; fileEncoding = 4; lastKnownFileType = sourcecode.swift; path = PlayerView.swift; sourceTree = "<group>"; };
		E20D4FCD28FC2E950037414F /* Player.swift */ = {isa = PBXFileReference; fileEncoding = 4; lastKnownFileType = sourcecode.swift; path = Player.swift; sourceTree = "<group>"; };
		E20D4FCF28FC35DA0037414F /* TappableSlider.swift */ = {isa = PBXFileReference; lastKnownFileType = sourcecode.swift; path = TappableSlider.swift; sourceTree = "<group>"; };
		E20D4FD328FC45F20037414F /* Info.plist */ = {isa = PBXFileReference; lastKnownFileType = text.plist; path = Info.plist; sourceTree = "<group>"; };
		E25E482628FDA6DA001D9CF3 /* ViewModel.swift */ = {isa = PBXFileReference; lastKnownFileType = sourcecode.swift; path = ViewModel.swift; sourceTree = "<group>"; };
		E25E482828FDA702001D9CF3 /* Track.swift */ = {isa = PBXFileReference; lastKnownFileType = sourcecode.swift; path = Track.swift; sourceTree = "<group>"; };
/* End PBXFileReference section */

/* Begin PBXFrameworksBuildPhase section */
		E20D4FAB28FC2ABE0037414F /* Frameworks */ = {
			isa = PBXFrameworksBuildPhase;
			buildActionMask = 2147483647;
			files = (
			);
			runOnlyForDeploymentPostprocessing = 0;
		};
/* End PBXFrameworksBuildPhase section */

/* Begin PBXGroup section */
		E20D4FA528FC2ABE0037414F = {
			isa = PBXGroup;
			children = (
				E20D4FB028FC2ABE0037414F /* AerostatPlayer */,
				E20D4FAF28FC2ABE0037414F /* Products */,
			);
			sourceTree = "<group>";
		};
		E20D4FAF28FC2ABE0037414F /* Products */ = {
			isa = PBXGroup;
			children = (
				E20D4FAE28FC2ABE0037414F /* AerostatPlayer.app */,
			);
			name = Products;
			sourceTree = "<group>";
		};
		E20D4FB028FC2ABE0037414F /* AerostatPlayer */ = {
			isa = PBXGroup;
			children = (
				E20D4FD328FC45F20037414F /* Info.plist */,
				E20D4FB128FC2ABE0037414F /* AerostatPlayerApp.swift */,
				E25E482A28FDA72C001D9CF3 /* Model */,
				E25E482B28FDA743001D9CF3 /* Views */,
				E25E482C28FDA758001D9CF3 /* ViewModels */,
				E25E482528FDA6A4001D9CF3 /* Audiofiles */,
				E20D4FB528FC2AC00037414F /* Assets.xcassets */,
				E20D4FB728FC2AC00037414F /* Preview Content */,
			);
			path = AerostatPlayer;
			sourceTree = "<group>";
		};
		E20D4FB728FC2AC00037414F /* Preview Content */ = {
			isa = PBXGroup;
			children = (
				E20D4FB828FC2AC00037414F /* Preview Assets.xcassets */,
			);
			path = "Preview Content";
			sourceTree = "<group>";
		};
		E25E482528FDA6A4001D9CF3 /* Audiofiles */ = {
			isa = PBXGroup;
			children = (
				E20D4FC028FC2C490037414F /* СЛОТ - Москва.mp3 */,
				E20D4FC228FC2C4B0037414F /* Adriano Celentano - I love you baby.mp3 */,
				E20D4FC328FC2C4B0037414F /* DMX - Party up.mp3 */,
				E20D4FC428FC2C4B0037414F /* Enya - Only time.mp3 */,
				E20D4FC128FC2C4A0037414F /* MC Hammer - U can't touch this.mp3 */,
				E20D4FBF28FC2C490037414F /* Modern Talking - You're my heart you're my soul.mp3 */,
			);
			path = Audiofiles;
			sourceTree = "<group>";
		};
		E25E482A28FDA72C001D9CF3 /* Model */ = {
			isa = PBXGroup;
			children = (
				E25E482828FDA702001D9CF3 /* Track.swift */,
			);
			path = Model;
			sourceTree = "<group>";
		};
		E25E482B28FDA743001D9CF3 /* Views */ = {
			isa = PBXGroup;
			children = (
				E20D4FB328FC2ABE0037414F /* ContentView.swift */,
				E20D4FCB28FC2E010037414F /* PlayerView.swift */,
				E20D4FCF28FC35DA0037414F /* TappableSlider.swift */,
			);
			path = Views;
			sourceTree = "<group>";
		};
		E25E482C28FDA758001D9CF3 /* ViewModels */ = {
			isa = PBXGroup;
			children = (
				E25E482628FDA6DA001D9CF3 /* ViewModel.swift */,
				E20D4FCD28FC2E950037414F /* Player.swift */,
			);
			path = ViewModels;
			sourceTree = "<group>";
		};
/* End PBXGroup section */

/* Begin PBXNativeTarget section */
		E20D4FAD28FC2ABE0037414F /* AerostatPlayer */ = {
			isa = PBXNativeTarget;
			buildConfigurationList = E20D4FBC28FC2AC00037414F /* Build configuration list for PBXNativeTarget "AerostatPlayer" */;
			buildPhases = (
				E20D4FAA28FC2ABE0037414F /* Sources */,
				E20D4FAB28FC2ABE0037414F /* Frameworks */,
				E20D4FAC28FC2ABE0037414F /* Resources */,
			);
			buildRules = (
			);
			dependencies = (
			);
			name = AerostatPlayer;
			productName = AerostatPlayer;
			productReference = E20D4FAE28FC2ABE0037414F /* AerostatPlayer.app */;
			productType = "com.apple.product-type.application";
		};
/* End PBXNativeTarget section */

/* Begin PBXProject section */
		E20D4FA628FC2ABE0037414F /* Project object */ = {
			isa = PBXProject;
			attributes = {
				BuildIndependentTargetsInParallel = 1;
				LastSwiftUpdateCheck = 1400;
				LastUpgradeCheck = 1400;
				TargetAttributes = {
					E20D4FAD28FC2ABE0037414F = {
						CreatedOnToolsVersion = 14.0;
					};
				};
			};
			buildConfigurationList = E20D4FA928FC2ABE0037414F /* Build configuration list for PBXProject "AerostatPlayer" */;
			compatibilityVersion = "Xcode 14.0";
			developmentRegion = en;
			hasScannedForEncodings = 0;
			knownRegions = (
				en,
				Base,
			);
			mainGroup = E20D4FA528FC2ABE0037414F;
			productRefGroup = E20D4FAF28FC2ABE0037414F /* Products */;
			projectDirPath = "";
			projectRoot = "";
			targets = (
				E20D4FAD28FC2ABE0037414F /* AerostatPlayer */,
			);
		};
/* End PBXProject section */

/* Begin PBXResourcesBuildPhase section */
		E20D4FAC28FC2ABE0037414F /* Resources */ = {
			isa = PBXResourcesBuildPhase;
			buildActionMask = 2147483647;
			files = (
				E20D4FB928FC2AC00037414F /* Preview Assets.xcassets in Resources */,
				E20D4FC828FC2C4B0037414F /* Adriano Celentano - I love you baby.mp3 in Resources */,
				E20D4FB628FC2AC00037414F /* Assets.xcassets in Resources */,
				E20D4FC528FC2C4B0037414F /* Modern Talking - You're my heart you're my soul.mp3 in Resources */,
				E20D4FC928FC2C4B0037414F /* DMX - Party up.mp3 in Resources */,
				E20D4FCA28FC2C4B0037414F /* Enya - Only time.mp3 in Resources */,
				E20D4FC728FC2C4B0037414F /* MC Hammer - U can't touch this.mp3 in Resources */,
				E20D4FC628FC2C4B0037414F /* СЛОТ - Москва.mp3 in Resources */,
			);
			runOnlyForDeploymentPostprocessing = 0;
		};
/* End PBXResourcesBuildPhase section */

/* Begin PBXSourcesBuildPhase section */
		E20D4FAA28FC2ABE0037414F /* Sources */ = {
			isa = PBXSourcesBuildPhase;
			buildActionMask = 2147483647;
			files = (
				E20D4FCC28FC2E020037414F /* PlayerView.swift in Sources */,
				E20D4FCE28FC2E950037414F /* Player.swift in Sources */,
				E20D4FB428FC2ABE0037414F /* ContentView.swift in Sources */,
				E20D4FD028FC35DA0037414F /* TappableSlider.swift in Sources */,
				E25E482728FDA6DA001D9CF3 /* ViewModel.swift in Sources */,
				E20D4FB228FC2ABE0037414F /* AerostatPlayerApp.swift in Sources */,
				E25E482928FDA702001D9CF3 /* Track.swift in Sources */,
			);
			runOnlyForDeploymentPostprocessing = 0;
		};
/* End PBXSourcesBuildPhase section */

/* Begin XCBuildConfiguration section */
		E20D4FBA28FC2AC00037414F /* Debug */ = {
			isa = XCBuildConfiguration;
			buildSettings = {
				ALWAYS_SEARCH_USER_PATHS = NO;
				CLANG_ANALYZER_NONNULL = YES;
				CLANG_ANALYZER_NUMBER_OBJECT_CONVERSION = YES_AGGRESSIVE;
				CLANG_CXX_LANGUAGE_STANDARD = "gnu++20";
				CLANG_ENABLE_MODULES = YES;
				CLANG_ENABLE_OBJC_ARC = YES;
				CLANG_ENABLE_OBJC_WEAK = YES;
				CLANG_WARN_BLOCK_CAPTURE_AUTORELEASING = YES;
				CLANG_WARN_BOOL_CONVERSION = YES;
				CLANG_WARN_COMMA = YES;
				CLANG_WARN_CONSTANT_CONVERSION = YES;
				CLANG_WARN_DEPRECATED_OBJC_IMPLEMENTATIONS = YES;
				CLANG_WARN_DIRECT_OBJC_ISA_USAGE = YES_ERROR;
				CLANG_WARN_DOCUMENTATION_COMMENTS = YES;
				CLANG_WARN_EMPTY_BODY = YES;
				CLANG_WARN_ENUM_CONVERSION = YES;
				CLANG_WARN_INFINITE_RECURSION = YES;
				CLANG_WARN_INT_CONVERSION = YES;
				CLANG_WARN_NON_LITERAL_NULL_CONVERSION = YES;
				CLANG_WARN_OBJC_IMPLICIT_RETAIN_SELF = YES;
				CLANG_WARN_OBJC_LITERAL_CONVERSION = YES;
				CLANG_WARN_OBJC_ROOT_CLASS = YES_ERROR;
				CLANG_WARN_QUOTED_INCLUDE_IN_FRAMEWORK_HEADER = YES;
				CLANG_WARN_RANGE_LOOP_ANALYSIS = YES;
				CLANG_WARN_STRICT_PROTOTYPES = YES;
				CLANG_WARN_SUSPICIOUS_MOVE = YES;
				CLANG_WARN_UNGUARDED_AVAILABILITY = YES_AGGRESSIVE;
				CLANG_WARN_UNREACHABLE_CODE = YES;
				CLANG_WARN__DUPLICATE_METHOD_MATCH = YES;
				COPY_PHASE_STRIP = NO;
				DEBUG_INFORMATION_FORMAT = dwarf;
				ENABLE_STRICT_OBJC_MSGSEND = YES;
				ENABLE_TESTABILITY = YES;
				GCC_C_LANGUAGE_STANDARD = gnu11;
				GCC_DYNAMIC_NO_PIC = NO;
				GCC_NO_COMMON_BLOCKS = YES;
				GCC_OPTIMIZATION_LEVEL = 0;
				GCC_PREPROCESSOR_DEFINITIONS = (
					"DEBUG=1",
					"$(inherited)",
				);
				GCC_WARN_64_TO_32_BIT_CONVERSION = YES;
				GCC_WARN_ABOUT_RETURN_TYPE = YES_ERROR;
				GCC_WARN_UNDECLARED_SELECTOR = YES;
				GCC_WARN_UNINITIALIZED_AUTOS = YES_AGGRESSIVE;
				GCC_WARN_UNUSED_FUNCTION = YES;
				GCC_WARN_UNUSED_VARIABLE = YES;
				IPHONEOS_DEPLOYMENT_TARGET = 14.0;
				MTL_ENABLE_DEBUG_INFO = INCLUDE_SOURCE;
				MTL_FAST_MATH = YES;
				ONLY_ACTIVE_ARCH = YES;
				SDKROOT = iphoneos;
				SWIFT_ACTIVE_COMPILATION_CONDITIONS = DEBUG;
				SWIFT_OPTIMIZATION_LEVEL = "-Onone";
			};
			name = Debug;
		};
		E20D4FBB28FC2AC00037414F /* Release */ = {
			isa = XCBuildConfiguration;
			buildSettings = {
				ALWAYS_SEARCH_USER_PATHS = NO;
				CLANG_ANALYZER_NONNULL = YES;
				CLANG_ANALYZER_NUMBER_OBJECT_CONVERSION = YES_AGGRESSIVE;
				CLANG_CXX_LANGUAGE_STANDARD = "gnu++20";
				CLANG_ENABLE_MODULES = YES;
				CLANG_ENABLE_OBJC_ARC = YES;
				CLANG_ENABLE_OBJC_WEAK = YES;
				CLANG_WARN_BLOCK_CAPTURE_AUTORELEASING = YES;
				CLANG_WARN_BOOL_CONVERSION = YES;
				CLANG_WARN_COMMA = YES;
				CLANG_WARN_CONSTANT_CONVERSION = YES;
				CLANG_WARN_DEPRECATED_OBJC_IMPLEMENTATIONS = YES;
				CLANG_WARN_DIRECT_OBJC_ISA_USAGE = YES_ERROR;
				CLANG_WARN_DOCUMENTATION_COMMENTS = YES;
				CLANG_WARN_EMPTY_BODY = YES;
				CLANG_WARN_ENUM_CONVERSION = YES;
				CLANG_WARN_INFINITE_RECURSION = YES;
				CLANG_WARN_INT_CONVERSION = YES;
				CLANG_WARN_NON_LITERAL_NULL_CONVERSION = YES;
				CLANG_WARN_OBJC_IMPLICIT_RETAIN_SELF = YES;
				CLANG_WARN_OBJC_LITERAL_CONVERSION = YES;
				CLANG_WARN_OBJC_ROOT_CLASS = YES_ERROR;
				CLANG_WARN_QUOTED_INCLUDE_IN_FRAMEWORK_HEADER = YES;
				CLANG_WARN_RANGE_LOOP_ANALYSIS = YES;
				CLANG_WARN_STRICT_PROTOTYPES = YES;
				CLANG_WARN_SUSPICIOUS_MOVE = YES;
				CLANG_WARN_UNGUARDED_AVAILABILITY = YES_AGGRESSIVE;
				CLANG_WARN_UNREACHABLE_CODE = YES;
				CLANG_WARN__DUPLICATE_METHOD_MATCH = YES;
				COPY_PHASE_STRIP = NO;
				DEBUG_INFORMATION_FORMAT = "dwarf-with-dsym";
				ENABLE_NS_ASSERTIONS = NO;
				ENABLE_STRICT_OBJC_MSGSEND = YES;
				GCC_C_LANGUAGE_STANDARD = gnu11;
				GCC_NO_COMMON_BLOCKS = YES;
				GCC_WARN_64_TO_32_BIT_CONVERSION = YES;
				GCC_WARN_ABOUT_RETURN_TYPE = YES_ERROR;
				GCC_WARN_UNDECLARED_SELECTOR = YES;
				GCC_WARN_UNINITIALIZED_AUTOS = YES_AGGRESSIVE;
				GCC_WARN_UNUSED_FUNCTION = YES;
				GCC_WARN_UNUSED_VARIABLE = YES;
				IPHONEOS_DEPLOYMENT_TARGET = 14.0;
				MTL_ENABLE_DEBUG_INFO = NO;
				MTL_FAST_MATH = YES;
				SDKROOT = iphoneos;
				SWIFT_COMPILATION_MODE = wholemodule;
				SWIFT_OPTIMIZATION_LEVEL = "-O";
				VALIDATE_PRODUCT = YES;
			};
			name = Release;
		};
		E20D4FBD28FC2AC00037414F /* Debug */ = {
			isa = XCBuildConfiguration;
			buildSettings = {
				ASSETCATALOG_COMPILER_APPICON_NAME = AppIcon;
				ASSETCATALOG_COMPILER_GLOBAL_ACCENT_COLOR_NAME = AccentColor;
				CODE_SIGN_STYLE = Automatic;
				CURRENT_PROJECT_VERSION = 1;
				DEVELOPMENT_ASSET_PATHS = "\"AerostatPlayer/Preview Content\"";
				DEVELOPMENT_TEAM = H2N6P9225K;
				ENABLE_PREVIEWS = YES;
				GENERATE_INFOPLIST_FILE = YES;
				INFOPLIST_FILE = AerostatPlayer/Info.plist;
				INFOPLIST_KEY_UIApplicationSceneManifest_Generation = YES;
				INFOPLIST_KEY_UIApplicationSupportsIndirectInputEvents = YES;
				INFOPLIST_KEY_UILaunchScreen_Generation = YES;
				INFOPLIST_KEY_UISupportedInterfaceOrientations_iPad = "UIInterfaceOrientationPortrait UIInterfaceOrientationPortraitUpsideDown UIInterfaceOrientationLandscapeLeft UIInterfaceOrientationLandscapeRight";
				INFOPLIST_KEY_UISupportedInterfaceOrientations_iPhone = "UIInterfaceOrientationPortrait UIInterfaceOrientationLandscapeLeft UIInterfaceOrientationLandscapeRight";
				LD_RUNPATH_SEARCH_PATHS = (
					"$(inherited)",
					"@executable_path/Frameworks",
				);
				MARKETING_VERSION = 1.0;
				PRODUCT_BUNDLE_IDENTIFIER = com.andrianov.AerostatPlayer;
				PRODUCT_NAME = "$(TARGET_NAME)";
				SWIFT_EMIT_LOC_STRINGS = YES;
				SWIFT_VERSION = 5.0;
				TARGETED_DEVICE_FAMILY = "1,2";
			};
			name = Debug;
		};
		E20D4FBE28FC2AC00037414F /* Release */ = {
			isa = XCBuildConfiguration;
			buildSettings = {
				ASSETCATALOG_COMPILER_APPICON_NAME = AppIcon;
				ASSETCATALOG_COMPILER_GLOBAL_ACCENT_COLOR_NAME = AccentColor;
				CODE_SIGN_STYLE = Automatic;
				CURRENT_PROJECT_VERSION = 1;
				DEVELOPMENT_ASSET_PATHS = "\"AerostatPlayer/Preview Content\"";
				DEVELOPMENT_TEAM = H2N6P9225K;
				ENABLE_PREVIEWS = YES;
				GENERATE_INFOPLIST_FILE = YES;
				INFOPLIST_FILE = AerostatPlayer/Info.plist;
				INFOPLIST_KEY_UIApplicationSceneManifest_Generation = YES;
				INFOPLIST_KEY_UIApplicationSupportsIndirectInputEvents = YES;
				INFOPLIST_KEY_UILaunchScreen_Generation = YES;
				INFOPLIST_KEY_UISupportedInterfaceOrientations_iPad = "UIInterfaceOrientationPortrait UIInterfaceOrientationPortraitUpsideDown UIInterfaceOrientationLandscapeLeft UIInterfaceOrientationLandscapeRight";
				INFOPLIST_KEY_UISupportedInterfaceOrientations_iPhone = "UIInterfaceOrientationPortrait UIInterfaceOrientationLandscapeLeft UIInterfaceOrientationLandscapeRight";
				LD_RUNPATH_SEARCH_PATHS = (
					"$(inherited)",
					"@executable_path/Frameworks",
				);
				MARKETING_VERSION = 1.0;
				PRODUCT_BUNDLE_IDENTIFIER = com.andrianov.AerostatPlayer;
				PRODUCT_NAME = "$(TARGET_NAME)";
				SWIFT_EMIT_LOC_STRINGS = YES;
				SWIFT_VERSION = 5.0;
				TARGETED_DEVICE_FAMILY = "1,2";
			};
			name = Release;
		};
/* End XCBuildConfiguration section */

/* Begin XCConfigurationList section */
		E20D4FA928FC2ABE0037414F /* Build configuration list for PBXProject "AerostatPlayer" */ = {
			isa = XCConfigurationList;
			buildConfigurations = (
				E20D4FBA28FC2AC00037414F /* Debug */,
				E20D4FBB28FC2AC00037414F /* Release */,
			);
			defaultConfigurationIsVisible = 0;
			defaultConfigurationName = Release;
		};
		E20D4FBC28FC2AC00037414F /* Build configuration list for PBXNativeTarget "AerostatPlayer" */ = {
			isa = XCConfigurationList;
			buildConfigurations = (
				E20D4FBD28FC2AC00037414F /* Debug */,
				E20D4FBE28FC2AC00037414F /* Release */,
			);
			defaultConfigurationIsVisible = 0;
			defaultConfigurationName = Release;
		};
/* End XCConfigurationList section */
	};
	rootObject = E20D4FA628FC2ABE0037414F /* Project object */;
}
